{
  "nodes": {
    "nixpkgs": {
      "locked": {
        "lastModified": 1679262748,
        "narHash": "sha256-DQCrrAFrkxijC6haUzOC5ZoFqpcv/tg2WxnyW3np1Cc=",
        "path": "/nix/store/y34pw71w25ay4j5bm5239m8gw0pp4w63-source",
        "rev": "60c1d71f2ba4c80178ec84523c2ca0801522e0a6",
        "type": "path"
      },
      "original": {
        "id": "nixpkgs",
        "type": "indirect"
      }
    },
    "root": {
      "inputs": {
        "nixpkgs": "nixpkgs"
      }
    }
  },
  "root": "root",
  "version": 7
}
